
Microsoft Visual Studio Solution File, Format Version 12.00
# Visual Studio 2015
Project("{FAE04EC0-301F-11D3-BF4B-00C04F79EFBC}") = "Warehouse-ARToolKit", "Warehouse-ARToolKit.csproj", "{00C0A318-338F-613F-0B4B-FFCBF9D73B35}"
EndProject
Project("{FAE04EC0-301F-11D3-BF4B-00C04F79EFBC}") = "Warehouse-ARToolKit.Editor", "Warehouse-ARToolKit.Editor.csproj", "{605DE2DC-9A04-5F07-C1CA-CB89278D61C2}"
EndProject
Global
	GlobalSection(SolutionConfigurationPlatforms) = preSolution
		Debug|Any CPU = Debug|Any CPU
		Release|Any CPU = Release|Any CPU
	EndGlobalSection
	GlobalSection(ProjectConfigurationPlatforms) = postSolution
		{00C0A318-338F-613F-0B4B-FFCBF9D73B35}.Debug|Any CPU.ActiveCfg = Debug|Any CPU
		{00C0A318-338F-613F-0B4B-FFCBF9D73B35}.Debug|Any CPU.Build.0 = Debug|Any CPU
		{00C0A318-338F-613F-0B4B-FFCBF9D73B35}.Release|Any CPU.ActiveCfg = Release|Any CPU
		{00C0A318-338F-613F-0B4B-FFCBF9D73B35}.Release|Any CPU.Build.0 = Release|Any CPU
		{605DE2DC-9A04-5F07-C1CA-CB89278D61C2}.Debug|Any CPU.ActiveCfg = Debug|Any CPU
		{605DE2DC-9A04-5F07-C1CA-CB89278D61C2}.Debug|Any CPU.Build.0 = Debug|Any CPU
		{605DE2DC-9A04-5F07-C1CA-CB89278D61C2}.Release|Any CPU.ActiveCfg = Release|Any CPU
		{605DE2DC-9A04-5F07-C1CA-CB89278D61C2}.Release|Any CPU.Build.0 = Release|Any CPU
	EndGlobalSection
	GlobalSection(SolutionProperties) = preSolution
		HideSolutionNode = FALSE
	EndGlobalSection
EndGlobal
